<?xml version="1.0" encoding="utf-8"?>
<Project ToolsVersion="4.0" xmlns="http://schemas.microsoft.com/developer/msbuild/2003">
  <ItemGroup>
    <Filter Include="Quelldateien">
      <UniqueIdentifier>{4FC737F1-C7A5-4376-A066-2A32D752A2FF}</UniqueIdentifier>
      <Extensions>cpp;c;cc;cxx;def;odl;idl;hpj;bat;asm;asmx</Extensions>
    </Filter>
    <Filter Include="Headerdateien">
      <UniqueIdentifier>{93995380-89BD-4b04-88EB-625FBE52EBFB}</UniqueIdentifier>
      <Extensions>h;hh;hpp;hxx;hm;inl;inc;ipp;xsd</Extensions>
    </Filter>
    <Filter Include="Headerdateien\SDK">
      <UniqueIdentifier>{3ea0bb44-2b89-4f3d-b25b-8d88a634b680}</UniqueIdentifier>
    </Filter>
    <Filter Include="Headerdateien\imgui">
      <UniqueIdentifier>{3f98c16c-9547-4945-9ac0-f9ca56ce36a7}</UniqueIdentifier>
    </Filter>
    <Filter Include="Headerdateien\imgui\impl">
      <UniqueIdentifier>{ed25bed3-b107-4e07-810a-84bca1c76e87}</UniqueIdentifier>
    </Filter>
    <Filter Include="Quelldateien\imgui">
      <UniqueIdentifier>{74a0f0bc-76e3-45b0-a1b2-1b22d466736e}</UniqueIdentifier>
    </Filter>
    <Filter Include="Quelldateien\imgui\impl">
      <UniqueIdentifier>{c1e8018a-cf49-4f36-90c8-676365389420}</UniqueIdentifier>
    </Filter>
    <Filter Include="Headerdateien\features">
      <UniqueIdentifier>{a110dc9a-28ae-4f40-be91-031bc4a34c23}</UniqueIdentifier>
    </Filter>
    <Filter Include="Quelldateien\features">
      <UniqueIdentifier>{cf466ac2-0e9c-43eb-b848-8e30a63cfdda}</UniqueIdentifier>
    </Filter>
    <Filter Include="Headerdateien\utils">
      <UniqueIdentifier>{aaefec7e-f2c7-43ce-afa5-1cef137bc57a}</UniqueIdentifier>
    </Filter>
    <Filter Include="Quelldateien\utils">
      <UniqueIdentifier>{54a394b4-2090-4866-8903-e2d8a4d57b4a}</UniqueIdentifier>
    </Filter>
  </ItemGroup>
  <ItemGroup>
    <ClCompile Include="dllmain.cpp">
      <Filter>Quelldateien</Filter>
    </ClCompile>
    <ClCompile Include="Hooks.cpp">
      <Filter>Quelldateien</Filter>
    </ClCompile>
    <ClCompile Include="Utils.cpp">
      <Filter>Quelldateien</Filter>
    </ClCompile>
    <ClCompile Include="vfunc_hook.cpp">
      <Filter>Quelldateien</Filter>
    </ClCompile>
    <ClCompile Include="Menu.cpp">
      <Filter>Quelldateien</Filter>
    </ClCompile>
    <ClCompile Include="imgui\imgui_widgets.cpp">
      <Filter>Quelldateien\imgui</Filter>
    </ClCompile>
    <ClCompile Include="imgui\imgui_draw.cpp">
      <Filter>Quelldateien\imgui</Filter>
    </ClCompile>
    <ClCompile Include="imgui\imgui.cpp">
      <Filter>Quelldateien\imgui</Filter>
    </ClCompile>
    <ClCompile Include="imgui\impl\imgui_impl_win32.cpp">
      <Filter>Quelldateien\imgui\impl</Filter>
    </ClCompile>
    <ClCompile Include="imgui\impl\imgui_impl_dx9.cpp">
      <Filter>Quelldateien\imgui\impl</Filter>
    </ClCompile>
    <ClCompile Include="features\Misc.cpp">
      <Filter>Quelldateien\features</Filter>
    </ClCompile>
    <ClCompile Include="NetVars.cpp">
      <Filter>Quelldateien</Filter>
    </ClCompile>
    <ClCompile Include="features\Glow.cpp">
      <Filter>Quelldateien\features</Filter>
    </ClCompile>
    <ClCompile Include="Interfaces.cpp">
      <Filter>Quelldateien</Filter>
    </ClCompile>
    <ClCompile Include="features\LagCompensation.cpp">
      <Filter>Quelldateien\features</Filter>
    </ClCompile>
    <ClCompile Include="utils\TimeHelper.cpp">
      <Filter>Quelldateien\utils</Filter>
    </ClCompile>
  </ItemGroup>
  <ItemGroup>
    <ClInclude Include="SDK\ConVar.h">
      <Filter>Headerdateien\SDK</Filter>
    </ClInclude>
    <ClInclude Include="SDK\ICvar.h">
      <Filter>Headerdateien\SDK</Filter>
    </ClInclude>
    <ClInclude Include="Interfaces.h">
      <Filter>Headerdateien</Filter>
    </ClInclude>
    <ClInclude Include="SDK\CUserCmd.h">
      <Filter>Headerdateien\SDK</Filter>
    </ClInclude>
    <ClInclude Include="SDK\QAngle.h">
      <Filter>Headerdateien\SDK</Filter>
    </ClInclude>
    <ClInclude Include="SDK\basetypes.h">
      <Filter>Headerdateien\SDK</Filter>
    </ClInclude>
    <ClInclude Include="SDK\Color.h">
      <Filter>Headerdateien\SDK</Filter>
    </ClInclude>
    <ClInclude Include="Hooks.h">
      <Filter>Headerdateien</Filter>
    </ClInclude>
    <ClInclude Include="SDK\IBaseClientDLL.h">
      <Filter>Headerdateien\SDK</Filter>
    </ClInclude>
    <ClInclude Include="vfunc.h">
      <Filter>Headerdateien</Filter>
    </ClInclude>
    <ClInclude Include="SDK\ClientClass.h">
      <Filter>Headerdateien\SDK</Filter>
    </ClInclude>
    <ClInclude Include="SDK\Recv.h">
      <Filter>Headerdateien\SDK</Filter>
    </ClInclude>
    <ClInclude Include="SDK\const.h">
      <Filter>Headerdateien\SDK</Filter>
    </ClInclude>
    <ClInclude Include="SDK\IClientEntityList.h">
      <Filter>Headerdateien\SDK</Filter>
    </ClInclude>
    <ClInclude Include="SDK\Vector.h">
      <Filter>Headerdateien\SDK</Filter>
    </ClInclude>
    <ClInclude Include="Utils.h">
      <Filter>Headerdateien</Filter>
    </ClInclude>
    <ClInclude Include="imgui\imconfig.h">
      <Filter>Headerdateien\imgui</Filter>
    </ClInclude>
    <ClInclude Include="imgui\imgui.h">
      <Filter>Headerdateien\imgui</Filter>
    </ClInclude>
    <ClInclude Include="imgui\imgui_internal.h">
      <Filter>Headerdateien\imgui</Filter>
    </ClInclude>
    <ClInclude Include="imgui\imstb_rectpack.h">
      <Filter>Headerdateien\imgui</Filter>
    </ClInclude>
    <ClInclude Include="imgui\imstb_textedit.h">
      <Filter>Headerdateien\imgui</Filter>
    </ClInclude>
    <ClInclude Include="imgui\imstb_truetype.h">
      <Filter>Headerdateien\imgui</Filter>
    </ClInclude>
    <ClInclude Include="imgui\impl\imgui_impl_dx9.h">
      <Filter>Headerdateien\imgui\impl</Filter>
    </ClInclude>
    <ClInclude Include="imgui\impl\imgui_impl_win32.h">
      <Filter>Headerdateien\imgui\impl</Filter>
    </ClInclude>
    <ClInclude Include="vfunc_hook.h">
      <Filter>Headerdateien</Filter>
    </ClInclude>
    <ClInclude Include="SDK\CInput.h">
      <Filter>Headerdateien\SDK</Filter>
    </ClInclude>
    <ClInclude Include="Menu.h">
      <Filter>Headerdateien</Filter>
    </ClInclude>
    <ClInclude Include="features\Misc.h">
      <Filter>Headerdateien\features</Filter>
    </ClInclude>
    <ClInclude Include="NetVars.h">
      <Filter>Headerdateien</Filter>
    </ClInclude>
    <ClInclude Include="SDK\Entities.h">
      <Filter>Headerdateien\SDK</Filter>
    </ClInclude>
    <ClInclude Include="Config.h">
      <Filter>Headerdateien</Filter>
    </ClInclude>
    <ClInclude Include="SDK\ISurface.h">
      <Filter>Headerdateien\SDK</Filter>
    </ClInclude>
    <ClInclude Include="SDK\GlowOutlineEffect.h">
      <Filter>Headerdateien\SDK</Filter>
    </ClInclude>
    <ClInclude Include="SDK\IClientEntity.h">
      <Filter>Headerdateien\SDK</Filter>
    </ClInclude>
    <ClInclude Include="SDK\IClientNetworkable.h">
      <Filter>Headerdateien\SDK</Filter>
    </ClInclude>
    <ClInclude Include="SDK\IClientRenderable.h">
      <Filter>Headerdateien\SDK</Filter>
    </ClInclude>
    <ClInclude Include="SDK\IClientThinkable.h">
      <Filter>Headerdateien\SDK</Filter>
    </ClInclude>
    <ClInclude Include="SDK\IClientUnknown.h">
      <Filter>Headerdateien\SDK</Filter>
    </ClInclude>
    <ClInclude Include="SDK\IHandleEntity.h">
      <Filter>Headerdateien\SDK</Filter>
    </ClInclude>
    <ClInclude Include="SDK\ICollideable.h">
      <Filter>Headerdateien\SDK</Filter>
    </ClInclude>
    <ClInclude Include="SDK\UtlVector.h">
      <Filter>Headerdateien\SDK</Filter>
    </ClInclude>
    <ClInclude Include="features\Glow.h">
      <Filter>Headerdateien\features</Filter>
    </ClInclude>
    <ClInclude Include="SDK\GlobalVars.h">
      <Filter>Headerdateien\SDK</Filter>
    </ClInclude>
    <ClInclude Include="SDK\ClientFrameStage.h">
      <Filter>Headerdateien\SDK</Filter>
    </ClInclude>
    <ClInclude Include="features\LagCompensation.h">
      <Filter>Headerdateien\features</Filter>
    </ClInclude>
    <ClInclude Include="utils\TimeHelper.h">
      <Filter>Headerdateien\utils</Filter>
    </ClInclude>
    <ClInclude Include="utils\Singleton.h">
      <Filter>Headerdateien\utils</Filter>
    </ClInclude>
  </ItemGroup>
</Project>